
Microsoft Visual Studio Solution File, Format Version 12.00
# Visual Studio 2013
VisualStudioVersion = 12.0.31101.0
MinimumVisualStudioVersion = 10.0.40219.1
Project("{FAE04EC0-301F-11D3-BF4B-00C04F79EFBC}") = "FrontEndBuild.DotNetSolution", "FrontEndBuild.DotNetSolution\FrontEndBuild.DotNetSolution.csproj", "{E7917382-F29E-446B-9953-2DB5D47E1571}"
EndProject
Project("{FAE04EC0-301F-11D3-BF4B-00C04F79EFBC}") = "FrontEndBuild.DotNetSolution.Tests", "FrontEndBuild.DotNetSolution.Tests\FrontEndBuild.DotNetSolution.Tests.csproj", "{B802455F-5BB3-4B56-977F-66810F64579D}"
EndProject
Project("{2150E333-8FDC-42A3-9474-1A3956D46DE8}") = ".nuget", ".nuget", "{D0F44900-A0F0-4950-AF8D-D436BD89EFC6}"
	ProjectSection(SolutionItems) = preProject
		.nuget\NuGet.Config = .nuget\NuGet.Config
		.nuget\NuGet.exe = .nuget\NuGet.exe
		.nuget\NuGet.targets = .nuget\NuGet.targets
	EndProjectSection
EndProject
Global
	GlobalSection(SolutionConfigurationPlatforms) = preSolution
		Debug|Any CPU = Debug|Any CPU
		Release|Any CPU = Release|Any CPU
	EndGlobalSection
	GlobalSection(ProjectConfigurationPlatforms) = postSolution
		{E7917382-F29E-446B-9953-2DB5D47E1571}.Debug|Any CPU.ActiveCfg = Debug|Any CPU
		{E7917382-F29E-446B-9953-2DB5D47E1571}.Debug|Any CPU.Build.0 = Debug|Any CPU
		{E7917382-F29E-446B-9953-2DB5D47E1571}.Release|Any CPU.ActiveCfg = Release|Any CPU
		{E7917382-F29E-446B-9953-2DB5D47E1571}.Release|Any CPU.Build.0 = Release|Any CPU
		{B802455F-5BB3-4B56-977F-66810F64579D}.Debug|Any CPU.ActiveCfg = Debug|Any CPU
		{B802455F-5BB3-4B56-977F-66810F64579D}.Debug|Any CPU.Build.0 = Debug|Any CPU
		{B802455F-5BB3-4B56-977F-66810F64579D}.Release|Any CPU.ActiveCfg = Release|Any CPU
		{B802455F-5BB3-4B56-977F-66810F64579D}.Release|Any CPU.Build.0 = Release|Any CPU
	EndGlobalSection
	GlobalSection(SolutionProperties) = preSolution
		HideSolutionNode = FALSE
	EndGlobalSection
EndGlobal
